
Microsoft Visual Studio Solution File, Format Version 12.00
# Visual Studio Version 17
VisualStudioVersion = 17.0.31903.59
MinimumVisualStudioVersion = 10.0.40219.1
Project("{FAE04EC0-301F-11D3-BF4B-00C04F79EFBC}") = "EjercicioService", "EjercicioService\EjercicioService.csproj", "{5D834121-BA18-452D-B728-CD9A7866F50C}"
EndProject
Project("{FAE04EC0-301F-11D3-BF4B-00C04F79EFBC}") = "EntrenamientoService", "EntrenamientoService\EntrenamientoService.csproj", "{2DF7FEC1-F0DD-4010-AEA6-191C0F830EEB}"
EndProject
Project("{FAE04EC0-301F-11D3-BF4B-00C04F79EFBC}") = "ApiGateway", "ApiGateway\ApiGateway.csproj", "{D74339DC-9630-474A-99BA-C6A64FC9E785}"
EndProject
Global
	GlobalSection(SolutionConfigurationPlatforms) = preSolution
		Debug|Any CPU = Debug|Any CPU
		Release|Any CPU = Release|Any CPU
	EndGlobalSection
	GlobalSection(SolutionProperties) = preSolution
		HideSolutionNode = FALSE
	EndGlobalSection
	GlobalSection(ProjectConfigurationPlatforms) = postSolution
		{5D834121-BA18-452D-B728-CD9A7866F50C}.Debug|Any CPU.ActiveCfg = Debug|Any CPU
		{5D834121-BA18-452D-B728-CD9A7866F50C}.Debug|Any CPU.Build.0 = Debug|Any CPU
		{5D834121-BA18-452D-B728-CD9A7866F50C}.Release|Any CPU.ActiveCfg = Release|Any CPU
		{5D834121-BA18-452D-B728-CD9A7866F50C}.Release|Any CPU.Build.0 = Release|Any CPU
		{2DF7FEC1-F0DD-4010-AEA6-191C0F830EEB}.Debug|Any CPU.ActiveCfg = Debug|Any CPU
		{2DF7FEC1-F0DD-4010-AEA6-191C0F830EEB}.Debug|Any CPU.Build.0 = Debug|Any CPU
		{2DF7FEC1-F0DD-4010-AEA6-191C0F830EEB}.Release|Any CPU.ActiveCfg = Release|Any CPU
		{2DF7FEC1-F0DD-4010-AEA6-191C0F830EEB}.Release|Any CPU.Build.0 = Release|Any CPU
		{D74339DC-9630-474A-99BA-C6A64FC9E785}.Debug|Any CPU.ActiveCfg = Debug|Any CPU
		{D74339DC-9630-474A-99BA-C6A64FC9E785}.Debug|Any CPU.Build.0 = Debug|Any CPU
		{D74339DC-9630-474A-99BA-C6A64FC9E785}.Release|Any CPU.ActiveCfg = Release|Any CPU
		{D74339DC-9630-474A-99BA-C6A64FC9E785}.Release|Any CPU.Build.0 = Release|Any CPU
	EndGlobalSection
EndGlobal
